{
  "lockfileVersion": 1,
  "configVersion": 1,
  "workspaces": {
    "": {
      "dependencies": {
        "sorted-btree": "^2.1.0",
      },
    },
  },
  "packages": {
    "sorted-btree": ["sorted-btree@2.1.0", "", {}, "sha512-AtYXy3lL+5jrATpbymC2bM8anN/3maLkmVCd94MzypnKjokfCid/zeS3rvXedv7W6ffSfqKIGdz3UaJPWRBZ0g=="],
  }
}
